
Microsoft Visual Studio Solution File, Format Version 12.00
# Visual Studio Version 16
VisualStudioVersion = 16.0.31205.134
MinimumVisualStudioVersion = 10.0.40219.1
Project("{8BC9CEB8-8B4A-11D0-8D11-00A0C91BC942}") = "Resampling", "Resampling\Resampling.vcxproj", "{0EF8BC62-F886-41E3-ADF1-89565E05C10F}"
EndProject
Project("{8BC9CEB8-8B4A-11D0-8D11-00A0C91BC942}") = "ResamplingMain", "ResamplingMain\ResamplingMain.vcxproj", "{6040E7B7-483C-4E0C-B5A6-2300DBD8FC1E}"
	ProjectSection(ProjectDependencies) = postProject
		{0EF8BC62-F886-41E3-ADF1-89565E05C10F} = {0EF8BC62-F886-41E3-ADF1-89565E05C10F}
	EndProjectSection
EndProject
Global
	GlobalSection(SolutionConfigurationPlatforms) = preSolution
		Debug|x64 = Debug|x64
		Debug|x86 = Debug|x86
		Release|x64 = Release|x64
		Release|x86 = Release|x86
	EndGlobalSection
	GlobalSection(ProjectConfigurationPlatforms) = postSolution
		{0EF8BC62-F886-41E3-ADF1-89565E05C10F}.Debug|x64.ActiveCfg = Debug|x64
		{0EF8BC62-F886-41E3-ADF1-89565E05C10F}.Debug|x64.Build.0 = Debug|x64
		{0EF8BC62-F886-41E3-ADF1-89565E05C10F}.Debug|x86.ActiveCfg = Debug|Win32
		{0EF8BC62-F886-41E3-ADF1-89565E05C10F}.Debug|x86.Build.0 = Debug|Win32
		{0EF8BC62-F886-41E3-ADF1-89565E05C10F}.Release|x64.ActiveCfg = Release|x64
		{0EF8BC62-F886-41E3-ADF1-89565E05C10F}.Release|x64.Build.0 = Release|x64
		{0EF8BC62-F886-41E3-ADF1-89565E05C10F}.Release|x86.ActiveCfg = Release|Win32
		{0EF8BC62-F886-41E3-ADF1-89565E05C10F}.Release|x86.Build.0 = Release|Win32
		{6040E7B7-483C-4E0C-B5A6-2300DBD8FC1E}.Debug|x64.ActiveCfg = Debug|x64
		{6040E7B7-483C-4E0C-B5A6-2300DBD8FC1E}.Debug|x64.Build.0 = Debug|x64
		{6040E7B7-483C-4E0C-B5A6-2300DBD8FC1E}.Debug|x86.ActiveCfg = Debug|Win32
		{6040E7B7-483C-4E0C-B5A6-2300DBD8FC1E}.Debug|x86.Build.0 = Debug|Win32
		{6040E7B7-483C-4E0C-B5A6-2300DBD8FC1E}.Release|x64.ActiveCfg = Release|x64
		{6040E7B7-483C-4E0C-B5A6-2300DBD8FC1E}.Release|x64.Build.0 = Release|x64
		{6040E7B7-483C-4E0C-B5A6-2300DBD8FC1E}.Release|x86.ActiveCfg = Release|Win32
		{6040E7B7-483C-4E0C-B5A6-2300DBD8FC1E}.Release|x86.Build.0 = Release|Win32
	EndGlobalSection
	GlobalSection(SolutionProperties) = preSolution
		HideSolutionNode = FALSE
	EndGlobalSection
	GlobalSection(ExtensibilityGlobals) = postSolution
		SolutionGuid = {C3CE2323-741E-4A8F-BDCE-83474598CED6}
	EndGlobalSection
EndGlobal
